<?xml version="1.0" encoding="utf-8"?>
<Project ToolsVersion="4.0" xmlns="http://schemas.microsoft.com/developer/msbuild/2003">
  <ItemGroup>
    <Filter Include="소스 파일">
      <UniqueIdentifier>{4FC737F1-C7A5-4376-A066-2A32D752A2FF}</UniqueIdentifier>
      <Extensions>cpp;c;cc;cxx;c++;cppm;ixx;def;odl;idl;hpj;bat;asm;asmx</Extensions>
    </Filter>
    <Filter Include="리소스 파일">
      <UniqueIdentifier>{67DA6AB6-F800-4c08-8B7A-83BB121AAD01}</UniqueIdentifier>
      <Extensions>rc;ico;cur;bmp;dlg;rc2;rct;bin;rgs;gif;jpg;jpeg;jpe;resx;tiff;tif;png;wav;mfcribbon-ms</Extensions>
    </Filter>
    <Filter Include="소스 파일\PipleLine">
      <UniqueIdentifier>{f506b544-f2f6-46df-9f02-d83f451fb73d}</UniqueIdentifier>
    </Filter>
    <Filter Include="소스 파일\Buffer">
      <UniqueIdentifier>{c5a1996e-590e-4deb-afa6-66d29c14b8e1}</UniqueIdentifier>
    </Filter>
    <Filter Include="소스 파일\Geometry">
      <UniqueIdentifier>{b1ed2b8f-422a-494c-a03c-0e71d788facf}</UniqueIdentifier>
    </Filter>
    <Filter Include="소스 파일\Resource">
      <UniqueIdentifier>{703e5e9a-e695-4ef9-9c30-d86af4bf2177}</UniqueIdentifier>
    </Filter>
    <Filter Include="소스 파일\Manager">
      <UniqueIdentifier>{05f1ad5f-1777-4c47-8281-c37700b80240}</UniqueIdentifier>
    </Filter>
    <Filter Include="소스 파일\Component">
      <UniqueIdentifier>{1c19d246-c907-4e51-aee5-d0e501e0b090}</UniqueIdentifier>
    </Filter>
    <Filter Include="소스 파일\Scene">
      <UniqueIdentifier>{4083b013-fbeb-4e1e-9431-55a983daddcb}</UniqueIdentifier>
    </Filter>
    <Filter Include="소스 파일\Helper">
      <UniqueIdentifier>{01b7c166-c0d5-431c-a1de-5073909690aa}</UniqueIdentifier>
    </Filter>
    <Filter Include="소스 파일\CustomScript">
      <UniqueIdentifier>{ba69f9c2-c869-4832-902e-73bd0381b9e8}</UniqueIdentifier>
    </Filter>
    <Filter Include="소스 파일\Main">
      <UniqueIdentifier>{bd57b81e-82bd-435b-abea-b215191eaa49}</UniqueIdentifier>
    </Filter>
    <Filter Include="소스 파일\Shaders">
      <UniqueIdentifier>{7a9ab2b2-4c61-411e-93a1-113cc3d7e49b}</UniqueIdentifier>
    </Filter>
    <Filter Include="소스 파일\Headers">
      <UniqueIdentifier>{ba2e96f3-c76b-4822-a752-a6d9197fd0bc}</UniqueIdentifier>
    </Filter>
    <Filter Include="소스 파일\Headers\Utils">
      <UniqueIdentifier>{d4cf98f4-0911-4631-a446-dfa97d270686}</UniqueIdentifier>
    </Filter>
    <Filter Include="소스 파일\Headers\Miscellaneous">
      <UniqueIdentifier>{694fd2b7-6b98-4c2d-b89c-e416ceec34c1}</UniqueIdentifier>
    </Filter>
    <Filter Include="소스 파일\Resource\Model">
      <UniqueIdentifier>{4b81b603-d554-45cb-995a-a2fd43804ac2}</UniqueIdentifier>
    </Filter>
    <Filter Include="소스 파일\Resource\Animation">
      <UniqueIdentifier>{02324262-096c-4d13-930f-2ddba34af96b}</UniqueIdentifier>
    </Filter>
    <Filter Include="소스 파일\Shaders\Slot">
      <UniqueIdentifier>{c6ef8c11-7a85-4f2d-a944-faee3205260c}</UniqueIdentifier>
    </Filter>
    <Filter Include="소스 파일\Component\Collider">
      <UniqueIdentifier>{899f0e05-fc64-4c93-9930-7911c359b3fd}</UniqueIdentifier>
    </Filter>
    <Filter Include="소스 파일\Uitls">
      <UniqueIdentifier>{007ab274-6809-42ac-8569-1eafa6e61b49}</UniqueIdentifier>
    </Filter>
    <Filter Include="소스 파일\Uitls\imGUI">
      <UniqueIdentifier>{c3a6af36-7200-4fd8-b99e-be99ed766d6c}</UniqueIdentifier>
    </Filter>
    <Filter Include="소스 파일\Uitls\imGuizmo">
      <UniqueIdentifier>{e40fc3a6-a0fa-436e-a527-467f5e1f37da}</UniqueIdentifier>
    </Filter>
  </ItemGroup>
  <ItemGroup>
    <ClInclude Include="pch.h">
      <Filter>소스 파일\Headers</Filter>
    </ClInclude>
    <ClInclude Include="targetver.h">
      <Filter>소스 파일\Headers\Miscellaneous</Filter>
    </ClInclude>
    <ClInclude Include="Resource.h">
      <Filter>소스 파일\Headers\Miscellaneous</Filter>
    </ClInclude>
    <ClInclude Include="framework.h">
      <Filter>소스 파일\Headers\Miscellaneous</Filter>
    </ClInclude>
    <ClInclude Include="Values.h">
      <Filter>소스 파일\Headers</Filter>
    </ClInclude>
    <ClInclude Include="Types.h">
      <Filter>소스 파일\Headers</Filter>
    </ClInclude>
    <ClInclude Include="GameCoding.h">
      <Filter>소스 파일\Main</Filter>
    </ClInclude>
    <ClInclude Include="SimpleMath.h">
      <Filter>소스 파일\Headers\Utils</Filter>
    </ClInclude>
    <ClInclude Include="InputLayout.h">
      <Filter>소스 파일\PipleLine</Filter>
    </ClInclude>
    <ClInclude Include="RasterizerState.h">
      <Filter>소스 파일\PipleLine</Filter>
    </ClInclude>
    <ClInclude Include="BlendState.h">
      <Filter>소스 파일\PipleLine</Filter>
    </ClInclude>
    <ClInclude Include="SamplerState.h">
      <Filter>소스 파일\PipleLine</Filter>
    </ClInclude>
    <ClInclude Include="Buffer.h">
      <Filter>소스 파일\Buffer</Filter>
    </ClInclude>
    <ClInclude Include="Shader.h">
      <Filter>소스 파일\Resource</Filter>
    </ClInclude>
    <ClInclude Include="ResourceBase.h">
      <Filter>소스 파일\Resource</Filter>
    </ClInclude>
    <ClInclude Include="Texture.h">
      <Filter>소스 파일\Resource</Filter>
    </ClInclude>
    <ClInclude Include="Graphics.h">
      <Filter>소스 파일\PipleLine</Filter>
    </ClInclude>
    <ClInclude Include="ResourceManager.h">
      <Filter>소스 파일\Manager</Filter>
    </ClInclude>
    <ClInclude Include="EngineBody.h">
      <Filter>소스 파일\Main</Filter>
    </ClInclude>
    <ClInclude Include="InputManager.h">
      <Filter>소스 파일\Manager</Filter>
    </ClInclude>
    <ClInclude Include="TimeManager.h">
      <Filter>소스 파일\Manager</Filter>
    </ClInclude>
    <ClInclude Include="Component.h">
      <Filter>소스 파일\Component</Filter>
    </ClInclude>
    <ClInclude Include="Material.h">
      <Filter>소스 파일\Resource</Filter>
    </ClInclude>
    <ClInclude Include="Mesh.h">
      <Filter>소스 파일\Resource</Filter>
    </ClInclude>
    <ClInclude Include="Transform.h">
      <Filter>소스 파일\Component</Filter>
    </ClInclude>
    <ClInclude Include="Camera.h">
      <Filter>소스 파일\Component</Filter>
    </ClInclude>
    <ClInclude Include="Animator.h">
      <Filter>소스 파일\Component</Filter>
    </ClInclude>
    <ClInclude Include="MonoBehaviour.h">
      <Filter>소스 파일\Component</Filter>
    </ClInclude>
    <ClInclude Include="MeshRenderer.h">
      <Filter>소스 파일\Component</Filter>
    </ClInclude>
    <ClInclude Include="GameObject.h">
      <Filter>소스 파일\Scene</Filter>
    </ClInclude>
    <ClInclude Include="Scene.h">
      <Filter>소스 파일\Scene</Filter>
    </ClInclude>
    <ClInclude Include="RenderManager.h">
      <Filter>소스 파일\Manager</Filter>
    </ClInclude>
    <ClInclude Include="SceneManager.h">
      <Filter>소스 파일\Manager</Filter>
    </ClInclude>
    <ClInclude Include="VertexDescription.h">
      <Filter>소스 파일\Helper</Filter>
    </ClInclude>
    <ClInclude Include="ConstantBufferType.h">
      <Filter>소스 파일\Helper</Filter>
    </ClInclude>
    <ClInclude Include="MoveObject.h">
      <Filter>소스 파일\CustomScript</Filter>
    </ClInclude>
    <ClInclude Include="Light.h">
      <Filter>소스 파일\Component</Filter>
    </ClInclude>
    <ClInclude Include="Model.h">
      <Filter>소스 파일\Resource\Model</Filter>
    </ClInclude>
    <ClInclude Include="ModelMesh.h">
      <Filter>소스 파일\Resource\Model</Filter>
    </ClInclude>
    <ClInclude Include="tinyxml2.h">
      <Filter>소스 파일\Headers\Utils</Filter>
    </ClInclude>
    <ClInclude Include="Utils.h">
      <Filter>소스 파일\Headers\Utils</Filter>
    </ClInclude>
    <ClInclude Include="FileUtils.h">
      <Filter>소스 파일\Headers\Utils</Filter>
    </ClInclude>
    <ClInclude Include="ModelAnimation.h">
      <Filter>소스 파일\Resource\Animation</Filter>
    </ClInclude>
    <ClInclude Include="ShaderSlot.h">
      <Filter>소스 파일\Shaders\Slot</Filter>
    </ClInclude>
    <ClInclude Include="TextureBuffer.h">
      <Filter>소스 파일\Buffer</Filter>
    </ClInclude>
    <ClInclude Include="Geometry.h">
      <Filter>소스 파일\Geometry</Filter>
    </ClInclude>
    <ClInclude Include="BaseCollider.h">
      <Filter>소스 파일\Component\Collider</Filter>
    </ClInclude>
    <ClInclude Include="Viewport.h">
      <Filter>소스 파일\PipleLine</Filter>
    </ClInclude>
    <ClInclude Include="SphereCollider.h">
      <Filter>소스 파일\Component\Collider</Filter>
    </ClInclude>
    <ClInclude Include="BoxCollider.h">
      <Filter>소스 파일\Component\Collider</Filter>
    </ClInclude>
    <ClInclude Include="Terrain.h">
      <Filter>소스 파일\Component</Filter>
    </ClInclude>
    <ClInclude Include="Button.h">
      <Filter>소스 파일\Component</Filter>
    </ClInclude>
    <ClInclude Include="UIImage.h">
      <Filter>소스 파일\Component</Filter>
    </ClInclude>
    <ClInclude Include="Billboard.h">
      <Filter>소스 파일\Component</Filter>
    </ClInclude>
    <ClInclude Include="DepthStencilState.h">
      <Filter>소스 파일\PipleLine</Filter>
    </ClInclude>
    <ClInclude Include="RenderPass.h">
      <Filter>소스 파일\PipleLine</Filter>
    </ClInclude>
    <ClInclude Include="RasterizerStateInfo.h">
      <Filter>소스 파일\PipleLine</Filter>
    </ClInclude>
    <ClInclude Include="MathHelper.h">
      <Filter>소스 파일\Helper</Filter>
    </ClInclude>
    <ClInclude Include="ParticleSystem.h">
      <Filter>소스 파일\Component</Filter>
    </ClInclude>
    <ClInclude Include="ScreenShot.h">
      <Filter>소스 파일\Helper</Filter>
    </ClInclude>
    <ClInclude Include="imconfig.h">
      <Filter>소스 파일\Uitls\imGUI</Filter>
    </ClInclude>
    <ClInclude Include="imgui.h">
      <Filter>소스 파일\Uitls\imGUI</Filter>
    </ClInclude>
    <ClInclude Include="imgui_impl_dx11.h">
      <Filter>소스 파일\Uitls\imGUI</Filter>
    </ClInclude>
    <ClInclude Include="imgui_impl_win32.h">
      <Filter>소스 파일\Uitls\imGUI</Filter>
    </ClInclude>
    <ClInclude Include="imgui_internal.h">
      <Filter>소스 파일\Uitls\imGUI</Filter>
    </ClInclude>
    <ClInclude Include="imstb_rectpack.h">
      <Filter>소스 파일\Uitls\imGUI</Filter>
    </ClInclude>
    <ClInclude Include="imstb_textedit.h">
      <Filter>소스 파일\Uitls\imGUI</Filter>
    </ClInclude>
    <ClInclude Include="imstb_truetype.h">
      <Filter>소스 파일\Uitls\imGUI</Filter>
    </ClInclude>
    <ClInclude Include="GUIManager.h">
      <Filter>소스 파일\Manager</Filter>
    </ClInclude>
    <ClInclude Include="GraphEditor.h">
      <Filter>소스 파일\Uitls\imGuizmo</Filter>
    </ClInclude>
    <ClInclude Include="ImCurveEdit.h">
      <Filter>소스 파일\Uitls\imGuizmo</Filter>
    </ClInclude>
    <ClInclude Include="ImGradient.h">
      <Filter>소스 파일\Uitls\imGuizmo</Filter>
    </ClInclude>
    <ClInclude Include="ImGuizmo.h">
      <Filter>소스 파일\Uitls\imGuizmo</Filter>
    </ClInclude>
    <ClInclude Include="ImSequencer.h">
      <Filter>소스 파일\Uitls\imGuizmo</Filter>
    </ClInclude>
    <ClInclude Include="ImZoomSlider.h">
      <Filter>소스 파일\Uitls\imGuizmo</Filter>
    </ClInclude>
    <ClInclude Include="MethodRegisterMacro.h">
      <Filter>소스 파일\Manager</Filter>
    </ClInclude>
    <ClInclude Include="MethodRegistry.h">
      <Filter>소스 파일\Manager</Filter>
    </ClInclude>
    <ClInclude Include="TestEvent.h">
      <Filter>소스 파일\CustomScript</Filter>
    </ClInclude>
    <ClInclude Include="ComponentFactory.h">
      <Filter>소스 파일\Manager</Filter>
    </ClInclude>
    <ClInclude Include="InstancingBuffer.h">
      <Filter>소스 파일\Buffer</Filter>
    </ClInclude>
    <ClInclude Include="EditorCamera.h">
      <Filter>소스 파일\CustomScript</Filter>
    </ClInclude>
    <ClInclude Include="MovePlayerWithCamera.h">
      <Filter>소스 파일\CustomScript</Filter>
    </ClInclude>
  </ItemGroup>
  <ItemGroup>
    <ResourceCompile Include="GameCoding.rc">
      <Filter>리소스 파일</Filter>
    </ResourceCompile>
  </ItemGroup>
  <ItemGroup>
    <Image Include="small.ico">
      <Filter>리소스 파일</Filter>
    </Image>
    <Image Include="GameCoding.ico">
      <Filter>리소스 파일</Filter>
    </Image>
  </ItemGroup>
  <ItemGroup>
    <ClCompile Include="pch.cpp">
      <Filter>소스 파일\Headers</Filter>
    </ClCompile>
    <ClCompile Include="GameCoding.cpp">
      <Filter>소스 파일\Main</Filter>
    </ClCompile>
    <ClCompile Include="SimpleMath.cpp">
      <Filter>소스 파일\Headers\Utils</Filter>
    </ClCompile>
    <ClCompile Include="InputLayout.cpp">
      <Filter>소스 파일\PipleLine</Filter>
    </ClCompile>
    <ClCompile Include="RasterizerState.cpp">
      <Filter>소스 파일\PipleLine</Filter>
    </ClCompile>
    <ClCompile Include="BlendState.cpp">
      <Filter>소스 파일\PipleLine</Filter>
    </ClCompile>
    <ClCompile Include="SamplerState.cpp">
      <Filter>소스 파일\PipleLine</Filter>
    </ClCompile>
    <ClCompile Include="Buffer.cpp">
      <Filter>소스 파일\Buffer</Filter>
    </ClCompile>
    <ClCompile Include="Shader.cpp">
      <Filter>소스 파일\Resource</Filter>
    </ClCompile>
    <ClCompile Include="ResourceBase.cpp">
      <Filter>소스 파일\Resource</Filter>
    </ClCompile>
    <ClCompile Include="Material.cpp">
      <Filter>소스 파일\Resource</Filter>
    </ClCompile>
    <ClCompile Include="Texture.cpp">
      <Filter>소스 파일\Resource</Filter>
    </ClCompile>
    <ClCompile Include="ResourceManager.cpp">
      <Filter>소스 파일\Manager</Filter>
    </ClCompile>
    <ClCompile Include="EngineBody.cpp">
      <Filter>소스 파일\Main</Filter>
    </ClCompile>
    <ClCompile Include="InputManager.cpp">
      <Filter>소스 파일\Manager</Filter>
    </ClCompile>
    <ClCompile Include="TimeManager.cpp">
      <Filter>소스 파일\Manager</Filter>
    </ClCompile>
    <ClCompile Include="Component.cpp">
      <Filter>소스 파일\Component</Filter>
    </ClCompile>
    <ClCompile Include="Mesh.cpp">
      <Filter>소스 파일\Resource</Filter>
    </ClCompile>
    <ClCompile Include="Transform.cpp">
      <Filter>소스 파일\Component</Filter>
    </ClCompile>
    <ClCompile Include="Camera.cpp">
      <Filter>소스 파일\Component</Filter>
    </ClCompile>
    <ClCompile Include="Animator.cpp">
      <Filter>소스 파일\Component</Filter>
    </ClCompile>
    <ClCompile Include="MonoBehaviour.cpp">
      <Filter>소스 파일\Component</Filter>
    </ClCompile>
    <ClCompile Include="MeshRenderer.cpp">
      <Filter>소스 파일\Component</Filter>
    </ClCompile>
    <ClCompile Include="GameObject.cpp">
      <Filter>소스 파일\Scene</Filter>
    </ClCompile>
    <ClCompile Include="Scene.cpp">
      <Filter>소스 파일\Scene</Filter>
    </ClCompile>
    <ClCompile Include="RenderManager.cpp">
      <Filter>소스 파일\Manager</Filter>
    </ClCompile>
    <ClCompile Include="SceneManager.cpp">
      <Filter>소스 파일\Manager</Filter>
    </ClCompile>
    <ClCompile Include="VertexDescription.cpp">
      <Filter>소스 파일\Helper</Filter>
    </ClCompile>
    <ClCompile Include="ConstantBufferType.cpp">
      <Filter>소스 파일\Helper</Filter>
    </ClCompile>
    <ClCompile Include="MoveObject.cpp">
      <Filter>소스 파일\CustomScript</Filter>
    </ClCompile>
    <ClCompile Include="Light.cpp">
      <Filter>소스 파일\Component</Filter>
    </ClCompile>
    <ClCompile Include="Model.cpp">
      <Filter>소스 파일\Resource\Model</Filter>
    </ClCompile>
    <ClCompile Include="ModelMesh.cpp">
      <Filter>소스 파일\Resource\Model</Filter>
    </ClCompile>
    <ClCompile Include="tinyxml2.cpp">
      <Filter>소스 파일\Headers\Utils</Filter>
    </ClCompile>
    <ClCompile Include="Utils.cpp">
      <Filter>소스 파일\Headers\Utils</Filter>
    </ClCompile>
    <ClCompile Include="FileUtils.cpp">
      <Filter>소스 파일\Headers\Utils</Filter>
    </ClCompile>
    <ClCompile Include="ModelAnimation.cpp">
      <Filter>소스 파일\Resource\Animation</Filter>
    </ClCompile>
    <ClCompile Include="ShaderSlot.cpp">
      <Filter>소스 파일\Shaders\Slot</Filter>
    </ClCompile>
    <ClCompile Include="TextureBuffer.cpp">
      <Filter>소스 파일\Buffer</Filter>
    </ClCompile>
    <ClCompile Include="Graphics.cpp">
      <Filter>소스 파일\PipleLine</Filter>
    </ClCompile>
    <ClCompile Include="Geometry.cpp">
      <Filter>소스 파일\Geometry</Filter>
    </ClCompile>
    <ClCompile Include="BaseCollider.cpp">
      <Filter>소스 파일\Component\Collider</Filter>
    </ClCompile>
    <ClCompile Include="Viewport.cpp">
      <Filter>소스 파일\PipleLine</Filter>
    </ClCompile>
    <ClCompile Include="SphereCollider.cpp">
      <Filter>소스 파일\Component\Collider</Filter>
    </ClCompile>
    <ClCompile Include="BoxCollider.cpp">
      <Filter>소스 파일\Component\Collider</Filter>
    </ClCompile>
    <ClCompile Include="Terrain.cpp">
      <Filter>소스 파일\Component</Filter>
    </ClCompile>
    <ClCompile Include="Button.cpp">
      <Filter>소스 파일\Component</Filter>
    </ClCompile>
    <ClCompile Include="UIImage.cpp">
      <Filter>소스 파일\Component</Filter>
    </ClCompile>
    <ClCompile Include="Billboard.cpp">
      <Filter>소스 파일\Component</Filter>
    </ClCompile>
    <ClCompile Include="DepthStencilState.cpp">
      <Filter>소스 파일\PipleLine</Filter>
    </ClCompile>
    <ClCompile Include="RenderPass.cpp">
      <Filter>소스 파일\PipleLine</Filter>
    </ClCompile>
    <ClCompile Include="RasterizerStateInfo.cpp">
      <Filter>소스 파일\PipleLine</Filter>
    </ClCompile>
    <ClCompile Include="MathHelper.cpp">
      <Filter>소스 파일\Helper</Filter>
    </ClCompile>
    <ClCompile Include="ParticleSystem.cpp">
      <Filter>소스 파일\Component</Filter>
    </ClCompile>
    <ClCompile Include="ScreenShot.cpp">
      <Filter>소스 파일\Helper</Filter>
    </ClCompile>
    <ClCompile Include="imgui.cpp">
      <Filter>소스 파일\Uitls\imGUI</Filter>
    </ClCompile>
    <ClCompile Include="imgui_demo.cpp">
      <Filter>소스 파일\Uitls\imGUI</Filter>
    </ClCompile>
    <ClCompile Include="imgui_draw.cpp">
      <Filter>소스 파일\Uitls\imGUI</Filter>
    </ClCompile>
    <ClCompile Include="imgui_impl_dx11.cpp">
      <Filter>소스 파일\Uitls\imGUI</Filter>
    </ClCompile>
    <ClCompile Include="imgui_impl_win32.cpp">
      <Filter>소스 파일\Uitls\imGUI</Filter>
    </ClCompile>
    <ClCompile Include="imgui_tables.cpp">
      <Filter>소스 파일\Uitls\imGUI</Filter>
    </ClCompile>
    <ClCompile Include="imgui_widgets.cpp">
      <Filter>소스 파일\Uitls\imGUI</Filter>
    </ClCompile>
    <ClCompile Include="GUIManager.cpp">
      <Filter>소스 파일\Manager</Filter>
    </ClCompile>
    <ClCompile Include="GraphEditor.cpp">
      <Filter>소스 파일\Uitls\imGuizmo</Filter>
    </ClCompile>
    <ClCompile Include="ImCurveEdit.cpp">
      <Filter>소스 파일\Uitls\imGuizmo</Filter>
    </ClCompile>
    <ClCompile Include="ImGradient.cpp">
      <Filter>소스 파일\Uitls\imGuizmo</Filter>
    </ClCompile>
    <ClCompile Include="ImGuizmo.cpp">
      <Filter>소스 파일\Uitls\imGuizmo</Filter>
    </ClCompile>
    <ClCompile Include="ImSequencer.cpp">
      <Filter>소스 파일\Uitls\imGuizmo</Filter>
    </ClCompile>
    <ClCompile Include="TestEvent.cpp">
      <Filter>소스 파일\CustomScript</Filter>
    </ClCompile>
    <ClCompile Include="InstancingBuffer.cpp">
      <Filter>소스 파일\Buffer</Filter>
    </ClCompile>
    <ClCompile Include="EditorCamera.cpp">
      <Filter>소스 파일\CustomScript</Filter>
    </ClCompile>
    <ClCompile Include="MovePlayerWithCamera.cpp">
      <Filter>소스 파일\CustomScript</Filter>
    </ClCompile>
    <ClCompile Include="ComponentFactory.cpp">
      <Filter>소스 파일\Manager</Filter>
    </ClCompile>
  </ItemGroup>
  <ItemGroup>
    <None Include="SimpleMath.inl">
      <Filter>소스 파일\Headers\Utils</Filter>
    </None>
    <None Include="imgui.ini">
      <Filter>소스 파일\Uitls\imGUI</Filter>
    </None>
  </ItemGroup>
  <ItemGroup>
    <FxCompile Include="Shader\AnimatedMesh.hlsl">
      <Filter>소스 파일\Shaders</Filter>
    </FxCompile>
    <FxCompile Include="Shader\Billboard.hlsl">
      <Filter>소스 파일\Shaders</Filter>
    </FxCompile>
    <FxCompile Include="Shader\ComputeShader_AdjustTexture.hlsl">
      <Filter>소스 파일\Shaders</Filter>
    </FxCompile>
    <FxCompile Include="Shader\ComputeShader_GaussianBlurHorizontal.hlsl">
      <Filter>소스 파일\Shaders</Filter>
    </FxCompile>
    <FxCompile Include="Shader\ComputeShader_GaussianBlurVertical.hlsl">
      <Filter>소스 파일\Shaders</Filter>
    </FxCompile>
    <FxCompile Include="Shader\Default.hlsl">
      <Filter>소스 파일\Shaders</Filter>
    </FxCompile>
    <FxCompile Include="Shader\EnvironmentMap.hlsl">
      <Filter>소스 파일\Shaders</Filter>
    </FxCompile>
    <FxCompile Include="Shader\Light.hlsl">
      <Filter>소스 파일\Shaders</Filter>
    </FxCompile>
    <FxCompile Include="Shader\Quad.hlsl">
      <Filter>소스 파일\Shaders</Filter>
    </FxCompile>
    <FxCompile Include="Shader\SkyBox.hlsl">
      <Filter>소스 파일\Shaders</Filter>
    </FxCompile>
    <FxCompile Include="Shader\StaticMesh.hlsl">
      <Filter>소스 파일\Shaders</Filter>
    </FxCompile>
    <FxCompile Include="Shader\Tesselation.hlsl">
      <Filter>소스 파일\Shaders</Filter>
    </FxCompile>
    <FxCompile Include="Shader\Terrain.hlsl">
      <Filter>소스 파일\Shaders</Filter>
    </FxCompile>
    <FxCompile Include="Shader\InitParticleSystem.hlsl">
      <Filter>소스 파일\Shaders</Filter>
    </FxCompile>
    <FxCompile Include="Shader\RenderParticleSystem.hlsl">
      <Filter>소스 파일\Shaders</Filter>
    </FxCompile>
    <FxCompile Include="Shader\LightHelper.hlsl">
      <Filter>소스 파일\Shaders</Filter>
    </FxCompile>
    <FxCompile Include="Shader\Debug_UI_Shader.hlsl">
      <Filter>소스 파일\Shaders</Filter>
    </FxCompile>
    <FxCompile Include="Shader\SimpleShader.hlsl">
      <Filter>소스 파일\Shaders</Filter>
    </FxCompile>
    <FxCompile Include="Shader\InitParticleSystem_Bomb.hlsl">
      <Filter>소스 파일\Shaders</Filter>
    </FxCompile>
  </ItemGroup>
</Project>